github.com/emhl/hugo-dpsg v0.0.0-20250618133717-99d03213b143 h1:RqE5gMISFH5IsnNE9IGt7C1nrKxegTWQQl3E1JQt0LU=
github.com/emhl/hugo-dpsg v0.0.0-20250618133717-99d03213b143/go.mod h1:M3DPv0Al0Dbn+GaE0wf9tYFh5ZKV8J5VsCZe9aFlVQ8=
github.com/emhl/hugo-photoswipe-gallery v0.0.0-20250327213430-a127dd620357 h1:XeyPEsJ3XFnuNWQ2yN1LquU85RxcIfVeVh5KJKIgu40=
github.com/emhl/hugo-photoswipe-gallery v0.0.0-20250327213430-a127dd620357/go.mod h1:D2JdS8A+7TW+ie6hbOM/imAXpzFBi4SvKDecw42v6x4=
