github.com/emhl/hugo-dpsg v0.0.0-20250326215543-a7c93448d65a h1:qLiLsV1QtZQJpleBN5lK9qCJIMS/e6xtDdUQ9roJYu8=
github.com/emhl/hugo-dpsg v0.0.0-20250326215543-a7c93448d65a/go.mod h1:M3DPv0Al0Dbn+GaE0wf9tYFh5ZKV8J5VsCZe9aFlVQ8=
github.com/emhl/hugo-photoswipe-gallery v0.0.0-20250326011844-a1ca8e1f7f0b h1:Glmc2kO6/KoX/s6Rn+oCn+jlprsvQWbgprcpKpvq37w=
github.com/emhl/hugo-photoswipe-gallery v0.0.0-20250326011844-a1ca8e1f7f0b/go.mod h1:vOUUo1OwkZeOQE0F00iAUQpiJh5wRaZ7wLxiMGCuK9w=
