github.com/emhl/hugo-dpsg v0.0.0-20240625231834-24cd0400c189 h1:wnh1VKX4OhmSo/L8SlCWC7p/Y0N8zK0qlf+rdUWApYo=
github.com/emhl/hugo-dpsg v0.0.0-20240625231834-24cd0400c189/go.mod h1:M3DPv0Al0Dbn+GaE0wf9tYFh5ZKV8J5VsCZe9aFlVQ8=
github.com/emhl/hugo-photoswipe-gallery v0.0.0-20250326011844-a1ca8e1f7f0b h1:Glmc2kO6/KoX/s6Rn+oCn+jlprsvQWbgprcpKpvq37w=
github.com/emhl/hugo-photoswipe-gallery v0.0.0-20250326011844-a1ca8e1f7f0b/go.mod h1:vOUUo1OwkZeOQE0F00iAUQpiJh5wRaZ7wLxiMGCuK9w=
